
Microsoft Visual Studio Solution File, Format Version 12.00
# Visual Studio Version 16
VisualStudioVersion = 16.0.31729.503
MinimumVisualStudioVersion = 10.0.40219.1
Project("{FAE04EC0-301F-11D3-BF4B-00C04F79EFBC}") = "CATIMES2", "CATIMES2\CATIMES2.csproj", "{F2660842-9421-43E7-8EC6-5E5B0FD7869B}"
EndProject
Global
	GlobalSection(SolutionConfigurationPlatforms) = preSolution
		Debug|Any CPU = Debug|Any CPU
		Release|Any CPU = Release|Any CPU
	EndGlobalSection
	GlobalSection(ProjectConfigurationPlatforms) = postSolution
		{F2660842-9421-43E7-8EC6-5E5B0FD7869B}.Debug|Any CPU.ActiveCfg = Debug|Any CPU
		{F2660842-9421-43E7-8EC6-5E5B0FD7869B}.Debug|Any CPU.Build.0 = Debug|Any CPU
		{F2660842-9421-43E7-8EC6-5E5B0FD7869B}.Release|Any CPU.ActiveCfg = Release|Any CPU
		{F2660842-9421-43E7-8EC6-5E5B0FD7869B}.Release|Any CPU.Build.0 = Release|Any CPU
	EndGlobalSection
	GlobalSection(SolutionProperties) = preSolution
		HideSolutionNode = FALSE
	EndGlobalSection
	GlobalSection(ExtensibilityGlobals) = postSolution
		SolutionGuid = {37210179-F2DD-4CC7-AD1F-8FD8A2866EE7}
	EndGlobalSection
EndGlobal
